
Microsoft Visual Studio Solution File, Format Version 12.00
# Visual Studio Version 17
VisualStudioVersion = 17.5.33424.131
MinimumVisualStudioVersion = 10.0.40219.1
Project("{FAE04EC0-301F-11D3-BF4B-00C04F79EFBC}") = "CerveceriaCRUD", "CerveceriaCRUD\CerveceriaCRUD.csproj", "{183FE4F7-2CBA-4B47-B7FA-644915C8BF13}"
EndProject
Global
	GlobalSection(SolutionConfigurationPlatforms) = preSolution
		Debug|Any CPU = Debug|Any CPU
		Release|Any CPU = Release|Any CPU
	EndGlobalSection
	GlobalSection(ProjectConfigurationPlatforms) = postSolution
		{183FE4F7-2CBA-4B47-B7FA-644915C8BF13}.Debug|Any CPU.ActiveCfg = Debug|Any CPU
		{183FE4F7-2CBA-4B47-B7FA-644915C8BF13}.Debug|Any CPU.Build.0 = Debug|Any CPU
		{183FE4F7-2CBA-4B47-B7FA-644915C8BF13}.Release|Any CPU.ActiveCfg = Release|Any CPU
		{183FE4F7-2CBA-4B47-B7FA-644915C8BF13}.Release|Any CPU.Build.0 = Release|Any CPU
	EndGlobalSection
	GlobalSection(SolutionProperties) = preSolution
		HideSolutionNode = FALSE
	EndGlobalSection
	GlobalSection(ExtensibilityGlobals) = postSolution
		SolutionGuid = {341E37CB-C29F-4B7D-B768-481FF7CAC2F8}
	EndGlobalSection
EndGlobal
